
Microsoft Visual Studio Solution File, Format Version 12.00
# Visual Studio 2012
Project("{FAE04EC0-301F-11D3-BF4B-00C04F79EFBC}") = "Lab1", "Lab1\Lab1.csproj", "{2C964875-0592-4AA2-8BF0-AB1DFBBE143B}"
EndProject
Project("{FAE04EC0-301F-11D3-BF4B-00C04F79EFBC}") = "Lab3", "Lab3\Lab3.csproj", "{A9188FAF-D295-42AF-AFAE-B3D35B36B607}"
EndProject
Global
	GlobalSection(SolutionConfigurationPlatforms) = preSolution
		Debug|Any CPU = Debug|Any CPU
		Release|Any CPU = Release|Any CPU
	EndGlobalSection
	GlobalSection(ProjectConfigurationPlatforms) = postSolution
		{2C964875-0592-4AA2-8BF0-AB1DFBBE143B}.Debug|Any CPU.ActiveCfg = Debug|Any CPU
		{2C964875-0592-4AA2-8BF0-AB1DFBBE143B}.Debug|Any CPU.Build.0 = Debug|Any CPU
		{2C964875-0592-4AA2-8BF0-AB1DFBBE143B}.Release|Any CPU.ActiveCfg = Release|Any CPU
		{2C964875-0592-4AA2-8BF0-AB1DFBBE143B}.Release|Any CPU.Build.0 = Release|Any CPU
		{A9188FAF-D295-42AF-AFAE-B3D35B36B607}.Debug|Any CPU.ActiveCfg = Debug|Any CPU
		{A9188FAF-D295-42AF-AFAE-B3D35B36B607}.Debug|Any CPU.Build.0 = Debug|Any CPU
		{A9188FAF-D295-42AF-AFAE-B3D35B36B607}.Release|Any CPU.ActiveCfg = Release|Any CPU
		{A9188FAF-D295-42AF-AFAE-B3D35B36B607}.Release|Any CPU.Build.0 = Release|Any CPU
	EndGlobalSection
	GlobalSection(SolutionProperties) = preSolution
		HideSolutionNode = FALSE
	EndGlobalSection
EndGlobal
